# This file is @generated by PDM.
# It is not intended for manual editing.

[metadata]
groups = ["default", "dev", "no-flatpak"]
strategy = ["inherit_metadata"]
lock_version = "4.5.0"
content_hash = "sha256:245dc4cee485117f4032f21fc2793d0ccf682710f853b66b85933c3ea8ce8019"

[[metadata.targets]]
requires_python = ">=3.11,<3.15"
platform = "manylinux_2_40_x86_64"

[[metadata.targets]]
requires_python = ">=3.11,<3.15"
platform = "windows_amd64"

[[metadata.targets]]
requires_python = ">=3.11,<3.15"
platform = "windows_arm64"

[[package]]
name = "aiocmd"
version = "0.1.5"
summary = "Coroutine-based CLI generator using prompt_toolkit"
groups = ["default"]
dependencies = [
    "packaging",
    "prompt-toolkit>=2.0.9",
]
files = [
    {file = "aiocmd-0.1.5-py3-none-any.whl", hash = "sha256:f2250a6613d0b65d5611d5a42c3d1e78bc84e37f9d6490fad5bc18899213616a"},
    {file = "aiocmd-0.1.5.tar.gz", hash = "sha256:ac2cf7f8df8da45462f6a0f86e943a4427997529d5becf7c20ea2d3835f04ce0"},
]

[[package]]
name = "aiohappyeyeballs"
version = "2.7.1"
requires_python = ">=3.10"
summary = "Happy Eyeballs for asyncio"
groups = ["default", "no-flatpak"]
files = [
    {file = "aiohappyeyeballs-2.7.1-py3-none-any.whl", hash = "sha256:9243213661e29250eb41368e5daa826fc017156c3b8a11440826b2e3ed376472"},
    {file = "aiohappyeyeballs-2.7.1.tar.gz", hash = "sha256:065665c041c42a5938ed220bdcd7230f22527fbec085e1853d2402c8a3615d9d"},
]

[[package]]
name = "aiohttp"
version = "3.14.3"
requires_python = ">=3.10"
summary = "Async http client/server framework (asyncio)"
groups = ["default", "no-flatpak"]
dependencies = [
    "aiohappyeyeballs>=2.5.0",
    "aiosignal>=1.4.0",
    "async-timeout<6.0,>=4.0; python_version < \"3.11\"",
    "attrs>=17.3.0",
    "frozenlist>=1.1.1",
    "multidict<7.0,>=4.5",
    "propcache>=0.2.0",
    "typing-extensions>=4.4; python_version < \"3.13\"",
    "yarl<2.0,>=1.17.0",
]
files = [
    {file = "aiohttp-3.14.3-cp311-cp311-manylinux2014_x86_64.manylinux_2_17_x86_64.manylinux_2_28_x86_64.whl", hash = "sha256:53e7b4ce82b54a8bcc71b3b67a5cbd177ca1d7f592cbc92cd38b7349f73482db"},
    {file = "aiohttp-3.14.3-cp311-cp311-win_amd64.whl", hash = "sha256:e1e74298bab6ee0d6e749ed4fd1901c7e604bdda32c03d787a2cc71c46d0433d"},
    {file = "aiohttp-3.14.3-cp311-cp311-win_arm64.whl", hash = "sha256:03cd2bde3d7f085b64e549c985f4bb928cad7e8ecf5323bfca320db548d81b39"},
    {file = "aiohttp-3.14.3-cp312-cp312-manylinux2014_x86_64.manylinux_2_17_x86_64.manylinux_2_28_x86_64.whl", hash = "sha256:543906c127fb1d929b95076db19b83fa2d46751006ff1e23b093aa5ac4d8db42"},
    {file = "aiohttp-3.14.3-cp312-cp312-win_amd64.whl", hash = "sha256:33a2d7c28d33797a2e99923dffa63f83d908a19b6bf26cfe80fa790aa5e1a75a"},
    {file = "aiohttp-3.14.3-cp312-cp312-win_arm64.whl", hash = "sha256:362a3fd481769cac1a824514bcd86fda51c65e8fe6e051099e008fddde6db17c"},
    {file = "aiohttp-3.14.3-cp313-cp313-manylinux2014_x86_64.manylinux_2_17_x86_64.manylinux_2_28_x86_64.whl", hash = "sha256:d7d2deec16eeedf55f2c7cf75b521ea3856a5177e123844f8fd0f114ce252cb5"},
    {file = "aiohttp-3.14.3-cp313-cp313-win_amd64.whl", hash = "sha256:dff9461ec275f22135650d5ba4b4931a11f3958df7dfbb8db630000d4dee0883"},
    {file = "aiohttp-3.14.3-cp313-cp313-win_arm64.whl", hash = "sha256:ddcac3c6b382e81f1dd0499199d4136b877beb4cb5ef770bbbfba56c4b8f55d2"},
    {file = "aiohttp-3.14.3-cp314-cp314-manylinux2014_x86_64.manylinux_2_17_x86_64.manylinux_2_28_x86_64.whl", hash = "sha256:18cb43369747b2ae007bd2655fb8e63a099c2ff1d207962943636dac989b3147"},
    {file = "aiohttp-3.14.3-cp314-cp314-win_amd64.whl", hash = "sha256:8b3b60de05f3dcb6f6a00f818bb2ec781cee4de0645f59ccaf99b1d1823b6100"},
    {file = "aiohttp-3.14.3-cp314-cp314-win_arm64.whl", hash = "sha256:1576145bdceeb92382d899751e12743a3a5b8e460a841e3e50543859e54864dc"},
    {file = "aiohttp-3.14.3-cp314-cp314t-manylinux2014_x86_64.manylinux_2_17_x86_64.manylinux_2_28_x86_64.whl", hash = "sha256:2498f0fe69ead802f9675beca44a7c21c62fdaa4ec5145ea1c3ad6edbee29f85"},
    {file = "aiohttp-3.14.3-cp314-cp314t-win_amd64.whl", hash = "sha256:b20032766aedf6261c7a566585a40867d092ac03a0d81592d5370ef9b054f99b"},
    {file = "aiohttp-3.14.3-cp314-cp314t-win_arm64.whl", hash = "sha256:2e1161602f45a54de2ce0905243a95f58cb42dcd378402f3697f5e0b21e9d2e7"},
    {file = "aiohttp-3.14.3.tar.gz", hash = "sha256:9491196535a88924a60afd5b5f434b5b203b6cc616250878dbdb223a8f7844bc"},
]

[[package]]
name = "aiosignal"
version = "1.4.0"
requires_python = ">=3.9"
summary = "aiosignal: a list of registered asynchronous callbacks"
groups = ["default", "no-flatpak"]
dependencies = [
    "frozenlist>=1.1.0",
    "typing-extensions>=4.2; python_version < \"3.13\"",
]
files = [
    {file = "aiosignal-1.4.0-py3-none-any.whl", hash = "sha256:053243f8b92b990551949e63930a839ff0cf0b0ebbe0597b0f3fb19e1a0fe82e"},
    {file = "aiosignal-1.4.0.tar.gz", hash = "sha256:f47eecd9468083c2029cc99945502cb7708b082c232f9aca65da147157b251c7"},
]

[[package]]
name = "altgraph"
version = "0.17.5"
summary = "Python graph (network) package"
groups = ["dev"]
marker = "sys_platform == \"win32\""
files = [
    {file = "altgraph-0.17.5-py2.py3-none-any.whl", hash = "sha256:f3a22400bce1b0c701683820ac4f3b159cd301acab067c51c653e06961600597"},
    {file = "altgraph-0.17.5.tar.gz", hash = "sha256:c87b395dd12fabde9c99573a9749d67da8d29ef9de0125c7f536699b4a9bc9e7"},
]

[[package]]
name = "attrs"
version = "26.1.0"
requires_python = ">=3.9"
summary = "Classes Without Boilerplate"
groups = ["default", "no-flatpak"]
files = [
    {file = "attrs-26.1.0-py3-none-any.whl", hash = "sha256:c647aa4a12dfbad9333ca4e71fe62ddc36f4e63b2d260a37a8b83d2f043ac309"},
    {file = "attrs-26.1.0.tar.gz", hash = "sha256:d03ceb89cb322a8fd706d4fb91940737b6642aa36998fe130a9bc96c985eff32"},
]

[[package]]
name = "colorama"
version = "0.4.6"
requires_python = "!=3.0.*,!=3.1.*,!=3.2.*,!=3.3.*,!=3.4.*,!=3.5.*,!=3.6.*,>=2.7"
summary = "Cross-platform colored terminal text."
groups = ["dev"]
marker = "sys_platform == \"win32\""
files = [
    {file = "colorama-0.4.6-py2.py3-none-any.whl", hash = "sha256:4f1d9991f5acc0ca119f9d443620b77f9d6b33703e51011c16baf57afb285fc6"},
    {file = "colorama-0.4.6.tar.gz", hash = "sha256:08695f5cb7ed6e0531a20572697297273c47b8cae5a63ffc6d6ed5c201be6e44"},
]

[[package]]
name = "dbus-next"
version = "0.2.3"
requires_python = ">=3.6.0"
summary = "A zero-dependency DBus library for Python with asyncio support"
groups = ["default"]
files = [
    {file = "dbus_next-0.2.3-py3-none-any.whl", hash = "sha256:58948f9aff9db08316734c0be2a120f6dc502124d9642f55e90ac82ffb16a18b"},
    {file = "dbus_next-0.2.3.tar.gz", hash = "sha256:f4eae26909332ada528c0a3549dda8d4f088f9b365153952a408e28023a626a5"},
]

[[package]]
name = "frozenlist"
version = "1.8.0"
requires_python = ">=3.9"
summary = "A list-like structure which implements collections.abc.MutableSequence"
groups = ["default", "no-flatpak"]
files = [
    {file = "frozenlist-1.8.0-cp311-cp311-manylinux1_x86_64.manylinux_2_28_x86_64.manylinux_2_5_x86_64.whl", hash = "sha256:2552f44204b744fba866e573be4c1f9048d6a324dfe14475103fd51613eb1d1f"},
    {file = "frozenlist-1.8.0-cp311-cp311-win_amd64.whl", hash = "sha256:ac913f8403b36a2c8610bbfd25b8013488533e71e62b4b4adce9c86c8cea905b"},
    {file = "frozenlist-1.8.0-cp311-cp311-win_arm64.whl", hash = "sha256:d4d3214a0f8394edfa3e303136d0575eece0745ff2b47bd2cb2e66dd92d4351a"},
    {file = "frozenlist-1.8.0-cp312-cp312-manylinux1_x86_64.manylinux_2_28_x86_64.manylinux_2_5_x86_64.whl", hash = "sha256:494a5952b1c597ba44e0e78113a7266e656b9794eec897b19ead706bd7074383"},
    {file = "frozenlist-1.8.0-cp312-cp312-win_amd64.whl", hash = "sha256:34187385b08f866104f0c0617404c8eb08165ab1272e884abc89c112e9c00746"},
    {file = "frozenlist-1.8.0-cp312-cp312-win_arm64.whl", hash = "sha256:fe3c58d2f5db5fbd18c2987cba06d51b0529f52bc3a6cdc33d3f4eab725104bd"},
    {file = "frozenlist-1.8.0-cp313-cp313-manylinux1_x86_64.manylinux_2_28_x86_64.manylinux_2_5_x86_64.whl", hash = "sha256:fb30f9626572a76dfe4293c7194a09fb1fe93ba94c7d4f720dfae3b646b45027"},
    {file = "frozenlist-1.8.0-cp313-cp313-win_amd64.whl", hash = "sha256:878be833caa6a3821caf85eb39c5ba92d28e85df26d57afb06b35b2efd937231"},
    {file = "frozenlist-1.8.0-cp313-cp313-win_arm64.whl", hash = "sha256:44389d135b3ff43ba8cc89ff7f51f5a0bb6b63d829c8300f79a2fe4fe61bcc62"},
    {file = "frozenlist-1.8.0-cp313-cp313t-manylinux1_x86_64.manylinux_2_28_x86_64.manylinux_2_5_x86_64.whl", hash = "sha256:b3210649ee28062ea6099cfda39e147fa1bc039583c8ee4481cb7811e2448c51"},
    {file = "frozenlist-1.8.0-cp313-cp313t-win_amd64.whl", hash = "sha256:5d63a068f978fc69421fb0e6eb91a9603187527c86b7cd3f534a5b77a592b888"},
    {file = "frozenlist-1.8.0-cp313-cp313t-win_arm64.whl", hash = "sha256:bf0a7e10b077bf5fb9380ad3ae8ce20ef919a6ad93b4552896419ac7e1d8e042"},
    {file = "frozenlist-1.8.0-cp314-cp314-manylinux1_x86_64.manylinux_2_28_x86_64.manylinux_2_5_x86_64.whl", hash = "sha256:cba69cb73723c3f329622e34bdbf5ce1f80c21c290ff04256cff1cd3c2036ed2"},
    {file = "frozenlist-1.8.0-cp314-cp314-win_amd64.whl", hash = "sha256:3e0761f4d1a44f1d1a47996511752cf3dcec5bbdd9cc2b4fe595caf97754b7a0"},
    {file = "frozenlist-1.8.0-cp314-cp314-win_arm64.whl", hash = "sha256:d1eaff1d00c7751b7c6662e9c5ba6eb2c17a2306ba5e2a37f24ddf3cc953402b"},
    {file = "frozenlist-1.8.0-cp314-cp314t-manylinux1_x86_64.manylinux_2_28_x86_64.manylinux_2_5_x86_64.whl", hash = "sha256:39ecbc32f1390387d2aa4f5a995e465e9e2f79ba3adcac92d68e3e0afae6657c"},
    {file = "frozenlist-1.8.0-cp314-cp314t-win_amd64.whl", hash = "sha256:06be8f67f39c8b1dc671f5d83aaefd3358ae5cdcf8314552c57e7ed3e6475bdd"},
    {file = "frozenlist-1.8.0-cp314-cp314t-win_arm64.whl", hash = "sha256:102e6314ca4da683dca92e3b1355490fed5f313b768500084fbe6371fddfdb79"},
    {file = "frozenlist-1.8.0-py3-none-any.whl", hash = "sha256:0c18a16eab41e82c295618a77502e17b195883241c563b00f0aa5106fc4eaa0d"},
    {file = "frozenlist-1.8.0.tar.gz", hash = "sha256:3ede829ed8d842f6cd48fc7081d7a41001a56f1f38603f9d49bf3020d59a31ad"},
]

[[package]]
name = "idna"
version = "3.18"
requires_python = ">=3.9"
summary = "Internationalized Domain Names in Applications (IDNA)"
groups = ["default", "no-flatpak"]
files = [
    {file = "idna-3.18-py3-none-any.whl", hash = "sha256:7f952cbe720b688055e3f87de14f5c3e5fdaa8bc3928985c4077ca689de849a2"},
    {file = "idna-3.18.tar.gz", hash = "sha256:ffb385a7e039654cef1ab9ef32c6fafe283c0c0467bba1d9029738ce4a14a848"},
]

[[package]]
name = "iniconfig"
version = "2.3.0"
requires_python = ">=3.10"
summary = "brain-dead simple config-ini parsing"
groups = ["dev"]
files = [
    {file = "iniconfig-2.3.0-py3-none-any.whl", hash = "sha256:f631c04d2c48c52b84d0d0549c99ff3859c98df65b3101406327ecc7d53fbf12"},
    {file = "iniconfig-2.3.0.tar.gz", hash = "sha256:c76315c77db068650d49c5b56314774a7804df16fee4402c1f19d6d15d8c4730"},
]

[[package]]
name = "mmk-updater"
version = "0.15.6"
requires_python = "<4,>=3.10"
summary = "mmk-updater"
groups = ["no-flatpak"]
dependencies = [
    "aiohttp>=3.10.5",
    "pillow>=11.0.0",
    "pyqt6>=6.7.1",
    "qasync>=0.27.1",
]
files = [
    {file = "mmk_updater-0.15.6-py3-none-any.whl", hash = "sha256:01301ea00eff9bf9801b18026d27190746512f15d6cdc068bc9b412b2bae6fd5"},
    {file = "mmk_updater-0.15.6.tar.gz", hash = "sha256:edc0da38e8d64b1bd3c0805e8781b42615e8a6a12e94432aef7e4bb29a59a9ad"},
]

[[package]]
name = "multidict"
version = "6.7.1"
requires_python = ">=3.9"
summary = "multidict implementation"
groups = ["default", "no-flatpak"]
dependencies = [
    "typing-extensions>=4.1.0; python_version < \"3.11\"",
]
files = [
    {file = "multidict-6.7.1-cp311-cp311-manylinux2014_x86_64.manylinux_2_17_x86_64.manylinux_2_28_x86_64.whl", hash = "sha256:439cbebd499f92e9aa6793016a8acaa161dfa749ae86d20960189f5398a19144"},
    {file = "multidict-6.7.1-cp311-cp311-win_amd64.whl", hash = "sha256:bdbf9f3b332abd0cdb306e7c2113818ab1e922dc84b8f8fd06ec89ed2a19ab8b"},
    {file = "multidict-6.7.1-cp311-cp311-win_arm64.whl", hash = "sha256:b8c990b037d2fff2f4e33d3f21b9b531c5745b33a49a7d6dbe7a177266af44f6"},
    {file = "multidict-6.7.1-cp312-cp312-manylinux2014_x86_64.manylinux_2_17_x86_64.manylinux_2_28_x86_64.whl", hash = "sha256:bfde23ef6ed9db7eaee6c37dcec08524cb43903c60b285b172b6c094711b3961"},
    {file = "multidict-6.7.1-cp312-cp312-win_amd64.whl", hash = "sha256:fcee94dfbd638784645b066074b338bc9cc155d4b4bffa4adce1615c5a426c19"},
    {file = "multidict-6.7.1-cp312-cp312-win_arm64.whl", hash = "sha256:ba0a9fb644d0c1a2194cf7ffb043bd852cea63a57f66fbd33959f7dae18517bf"},
    {file = "multidict-6.7.1-cp313-cp313-manylinux2014_x86_64.manylinux_2_17_x86_64.manylinux_2_28_x86_64.whl", hash = "sha256:9d624335fd4fa1c08a53f8b4be7676ebde19cd092b3895c421045ca87895b429"},
    {file = "multidict-6.7.1-cp313-cp313-win_amd64.whl", hash = "sha256:960c83bf01a95b12b08fd54324a4eb1d5b52c88932b5cba5d6e712bb3ed12eb5"},
    {file = "multidict-6.7.1-cp313-cp313-win_arm64.whl", hash = "sha256:563fe25c678aaba333d5399408f5ec3c383ca5b663e7f774dd179a520b8144df"},
    {file = "multidict-6.7.1-cp313-cp313t-manylinux2014_x86_64.manylinux_2_17_x86_64.manylinux_2_28_x86_64.whl", hash = "sha256:6aac4f16b472d5b7dc6f66a0d49dd57b0e0902090be16594dc9ebfd3d17c47e7"},
    {file = "multidict-6.7.1-cp313-cp313t-win_amd64.whl", hash = "sha256:d54ecf9f301853f2c5e802da559604b3e95bb7a3b01a9c295c6ee591b9882de8"},
    {file = "multidict-6.7.1-cp313-cp313t-win_arm64.whl", hash = "sha256:5a37ca18e360377cfda1d62f5f382ff41f2b8c4ccb329ed974cc2e1643440118"},
    {file = "multidict-6.7.1-cp314-cp314-manylinux2014_x86_64.manylinux_2_17_x86_64.manylinux_2_28_x86_64.whl", hash = "sha256:7eee46ccb30ff48a1e35bb818cc90846c6be2b68240e42a78599166722cea709"},
    {file = "multidict-6.7.1-cp314-cp314-win_amd64.whl", hash = "sha256:5e01429a929600e7dab7b166062d9bb54a5eed752384c7384c968c2afab8f50f"},
    {file = "multidict-6.7.1-cp314-cp314-win_arm64.whl", hash = "sha256:4885cb0e817aef5d00a2e8451d4665c1808378dc27c2705f1bf4ef8505c0d2e5"},
    {file = "multidict-6.7.1-cp314-cp314t-manylinux2014_x86_64.manylinux_2_17_x86_64.manylinux_2_28_x86_64.whl", hash = "sha256:9004d8386d133b7e6135679424c91b0b854d2d164af6ea3f289f8f2761064609"},
    {file = "multidict-6.7.1-cp314-cp314t-win_amd64.whl", hash = "sha256:497bde6223c212ba11d462853cfa4f0ae6ef97465033e7dc9940cdb3ab5b48e5"},
    {file = "multidict-6.7.1-cp314-cp314t-win_arm64.whl", hash = "sha256:2bbd113e0d4af5db41d5ebfe9ccaff89de2120578164f86a5d17d5a576d1e5b2"},
    {file = "multidict-6.7.1-py3-none-any.whl", hash = "sha256:55d97cc6dae627efa6a6e548885712d4864b81110ac76fa4e534c03819fa4a56"},
    {file = "multidict-6.7.1.tar.gz", hash = "sha256:ec6652a1bee61c53a3e5776b6049172c53b6aaba34f18c9ad04f82712bac623d"},
]

[[package]]
name = "packaging"
version = "26.3"
requires_python = ">=3.9"
summary = "Core utilities for Python packages"
groups = ["default", "dev"]
files = [
    {file = "packaging-26.3-py3-none-any.whl", hash = "sha256:d7193f7c8e4e93f444fde0262bf90af30e16fa0ad0ad44cb553c87339b23cd1c"},
    {file = "packaging-26.3.tar.gz", hash = "sha256:94edc256424af38762eb31306eed28beb9f0efc50a8837492c9d6fd6004aed79"},
]

[[package]]
name = "pefile"
version = "2024.8.26"
requires_python = ">=3.6.0"
summary = "Python PE parsing module"
groups = ["dev"]
marker = "sys_platform == \"win32\""
files = [
    {file = "pefile-2024.8.26-py3-none-any.whl", hash = "sha256:76f8b485dcd3b1bb8166f1128d395fa3d87af26360c2358fb75b80019b957c6f"},
    {file = "pefile-2024.8.26.tar.gz", hash = "sha256:3ff6c5d8b43e8c37bb6e6dd5085658d658a7a0bdcd20b6a07b1fcfc1c4e9d632"},
]

[[package]]
name = "pillow"
version = "12.3.0"
requires_python = ">=3.10"
summary = "Python Imaging Library (fork)"
groups = ["default", "no-flatpak"]
files = [
    {file = "pillow-12.3.0-cp311-cp311-manylinux_2_27_x86_64.manylinux_2_28_x86_64.whl", hash = "sha256:23d27a3e0307ec2244cc51e7287b919aa68d097504ebe19df4e76a98a3eea5bd"},
    {file = "pillow-12.3.0-cp311-cp311-win_amd64.whl", hash = "sha256:8e95e1385e4998ae9694eeaa4730ba5457ff61185b3a55e2e7bea0880aef452a"},
    {file = "pillow-12.3.0-cp311-cp311-win_arm64.whl", hash = "sha256:ebaea975e03d3141d9d3a507df75c9b3ec90fa9d2ffd07567b3a978d9d790b26"},
    {file = "pillow-12.3.0-cp312-cp312-manylinux_2_27_x86_64.manylinux_2_28_x86_64.whl", hash = "sha256:78cb2c6865a35ab8ff8b75fd122f6033b92a62c82801110e48ddd6c936a45d91"},
    {file = "pillow-12.3.0-cp312-cp312-win_amd64.whl", hash = "sha256:a2b55dd6b2a4c4b7d87ffa56bdb33fdc5fdb9a462173861a7bc097f17d91cb09"},
    {file = "pillow-12.3.0-cp312-cp312-win_arm64.whl", hash = "sha256:331b624368d4f1d069149002f25f44bc61c8919ce8ddb3c45bdad8f6e2d89510"},
    {file = "pillow-12.3.0-cp313-cp313-manylinux_2_27_x86_64.manylinux_2_28_x86_64.whl", hash = "sha256:0847a763afefb695bc912d7c131e7e0632d4edc1d8698f58ddabec8e46b8b6d3"},
    {file = "pillow-12.3.0-cp313-cp313-win_amd64.whl", hash = "sha256:1cca606cd25738df4ed873d5ad46bbdb3d83b5cbca291f6b4ff13a4df6b0bbe8"},
    {file = "pillow-12.3.0-cp313-cp313-win_arm64.whl", hash = "sha256:b629de27fda84b42cde7edef0d85f13b958b47f6e9bbcbba9b673c562a89bd8b"},
    {file = "pillow-12.3.0-cp314-cp314-manylinux_2_27_x86_64.manylinux_2_28_x86_64.whl", hash = "sha256:251bf95b67017e27b13d82f5b326234ca62d70f9cf4c2b9032de2358a3b12c7b"},
    {file = "pillow-12.3.0-cp314-cp314-win_amd64.whl", hash = "sha256:fdafc9cce40277e0f7a0feabce0ee50dd2fa1800f3b38015e51296b5e814048d"},
    {file = "pillow-12.3.0-cp314-cp314-win_arm64.whl", hash = "sha256:e91206ee562682b51b98ef4b26a6ef48fd84e15fd4c4bc5ec768eb641d206838"},
    {file = "pillow-12.3.0-cp314-cp314t-manylinux_2_27_x86_64.manylinux_2_28_x86_64.whl", hash = "sha256:bf16ba1b4d0b6b7c8e534936632270cf70eb00dbe09005bc345b2677b726855c"},
    {file = "pillow-12.3.0-cp314-cp314t-win_amd64.whl", hash = "sha256:962864dc93511324d51ddbb5b9f8731bf71675b93ca612a07441896f4688fb8c"},
    {file = "pillow-12.3.0-cp314-cp314t-win_arm64.whl", hash = "sha256:0740a512dc522224c77d9aa5a8d70d8b7d73fb91f2c21125d8d025d3b8990e45"},
    {file = "pillow-12.3.0-pp311-pypy311_pp73-manylinux_2_27_x86_64.manylinux_2_28_x86_64.whl", hash = "sha256:e7e480451b9fa137494bccd3a7d69adbe8ac65a87d97be61e11f1b1050a5bac3"},
    {file = "pillow-12.3.0-pp311-pypy311_pp73-win_amd64.whl", hash = "sha256:04f01d28a6aaff387bf842a13be313df23ba0597a44f1a976c9feb3c6ff4711a"},
    {file = "pillow-12.3.0.tar.gz", hash = "sha256:3b8182a766685eaa002637e28b4ec8d6b18819a0c71f579bf0dbaa5830297cce"},
]

[[package]]
name = "pluggy"
version = "1.6.0"
requires_python = ">=3.9"
summary = "plugin and hook calling mechanisms for python"
groups = ["dev"]
files = [
    {file = "pluggy-1.6.0-py3-none-any.whl", hash = "sha256:e920276dd6813095e9377c0bc5566d94c932c33b27a3e3945d8389c374dd4746"},
    {file = "pluggy-1.6.0.tar.gz", hash = "sha256:7dcc130b76258d33b90f61b658791dede3486c3e6bfb003ee5c9bfb396dd22f3"},
]

[[package]]
name = "prompt-toolkit"
version = "3.0.53"
requires_python = ">=3.10"
summary = "Library for building powerful interactive command lines in Python"
groups = ["default"]
dependencies = [
    "wcwidth>=0.1.4",
]
files = [
    {file = "prompt_toolkit-3.0.53-py3-none-any.whl", hash = "sha256:01c0891d7f9237d5e339f7d3e42cdae80b7534abb1c7c0e3352efba6231492f2"},
    {file = "prompt_toolkit-3.0.53.tar.gz", hash = "sha256:9ec8a0ad96d5c56148b3f914aa79c1564c3fde5d2e6b876e7bc327e353cf8fa6"},
]

[[package]]
name = "propcache"
version = "0.5.2"
requires_python = ">=3.10"
summary = "Accelerated property cache"
groups = ["default", "no-flatpak"]
files = [
    {file = "propcache-0.5.2-cp311-cp311-manylinux2014_x86_64.manylinux_2_17_x86_64.manylinux_2_28_x86_64.whl", hash = "sha256:5aaa2b923c1944ac8febd6609cb373540a5563e7cbcb0fd770f75dace2eb817b"},
    {file = "propcache-0.5.2-cp311-cp311-win_amd64.whl", hash = "sha256:44e488ef40dbb452700b2b1f8188934121f6648f52c295055662d2191959ff82"},
    {file = "propcache-0.5.2-cp311-cp311-win_arm64.whl", hash = "sha256:54adaa85a22078d1e306304a40984dc5be99d599bf3dc0a24dc98f7daeab89ab"},
    {file = "propcache-0.5.2-cp312-cp312-manylinux2014_x86_64.manylinux_2_17_x86_64.manylinux_2_28_x86_64.whl", hash = "sha256:6f328175a2cde1f0ff2c4ed8ce968b9dcfb55f3a7153f39e2957ed994da13476"},
    {file = "propcache-0.5.2-cp312-cp312-win_amd64.whl", hash = "sha256:d9ee8826a7d47863a08ac44e1a5f611a462eefc3a194b492da242128bec75b42"},
    {file = "propcache-0.5.2-cp312-cp312-win_arm64.whl", hash = "sha256:2800a4a8ead6b28cccd1ec54b59346f0def7922ee1c7598e8499c733cfbb7c84"},
    {file = "propcache-0.5.2-cp313-cp313-manylinux2014_x86_64.manylinux_2_17_x86_64.manylinux_2_28_x86_64.whl", hash = "sha256:4db0ba63d693afd40d249bd93f842b5f144f8fcbb83de05660373bcf30517b1d"},
    {file = "propcache-0.5.2-cp313-cp313-win_amd64.whl", hash = "sha256:dfed59d0a5aeb01e242e66ff0300bc4a265a7c05f612d30016f0b60b1017d757"},
    {file = "propcache-0.5.2-cp313-cp313-win_arm64.whl", hash = "sha256:ba338430e87ceb9c8f0cf754de38a9860560261e56c00376debd628698a7364f"},
    {file = "propcache-0.5.2-cp313-cp313t-manylinux2014_x86_64.manylinux_2_17_x86_64.manylinux_2_28_x86_64.whl", hash = "sha256:f7467da8a9822bf1a55336f877340c5bcbd3c482afc43a99771169f74a26dedc"},
    {file = "propcache-0.5.2-cp313-cp313t-win_amd64.whl", hash = "sha256:0958834041a0166d343b8d2cedcd8bcbaeb4fdbe0cf08320c5379f143c3be6e7"},
    {file = "propcache-0.5.2-cp313-cp313t-win_arm64.whl", hash = "sha256:6de8bd93ddde9b992cf2b2e0d796d501a19026b5b9fd87356d7d0779531a8d96"},
    {file = "propcache-0.5.2-cp314-cp314-manylinux2014_x86_64.manylinux_2_17_x86_64.manylinux_2_28_x86_64.whl", hash = "sha256:e00820e192c8dbebcafb383ebbf99030895f09905e7a0eb2e0340a0bcc2bc825"},
    {file = "propcache-0.5.2-cp314-cp314-win_amd64.whl", hash = "sha256:81e3a30b0bb60caa22033dd0f8a3618d1d67356212514f62c57db75cb0ef410c"},
    {file = "propcache-0.5.2-cp314-cp314-win_arm64.whl", hash = "sha256:0d2c9bf8528f135dbb805ce027567e09164f7efa51a2be07458a2c0420f292d0"},
    {file = "propcache-0.5.2-cp314-cp314t-manylinux2014_x86_64.manylinux_2_17_x86_64.manylinux_2_28_x86_64.whl", hash = "sha256:cd645f03898405cabe694fb8bc35241e3a9c332ec85627584fe3de201452b335"},
    {file = "propcache-0.5.2-cp314-cp314t-win_amd64.whl", hash = "sha256:d447bb0b3054be5818458fbb171208b1d9ff11eba14e18ca18b90cbb45767370"},
    {file = "propcache-0.5.2-cp314-cp314t-win_arm64.whl", hash = "sha256:fe67a3d11cd9b4efabfa45c3d00ffba2b26811442a73a581a94b67c2b5faccf6"},
    {file = "propcache-0.5.2-py3-none-any.whl", hash = "sha256:be1ddfcbb376e3de5d2e2db1d58d6d67463e6b4f9f040c000de8e300295465fe"},
    {file = "propcache-0.5.2.tar.gz", hash = "sha256:01c4fc7480cd0598bb4b57022df55b9ca296da7fc5a8760bd8451a7e63a7d427"},
]

[[package]]
name = "psutil"
version = "7.2.2"
requires_python = ">=3.6"
summary = "Cross-platform lib for process and system monitoring."
groups = ["default"]
files = [
    {file = "psutil-7.2.2-cp313-cp313t-manylinux2010_x86_64.manylinux_2_12_x86_64.manylinux_2_28_x86_64.whl", hash = "sha256:1a571f2330c966c62aeda00dd24620425d4b0cc86881c89861fbc04549e5dc63"},
    {file = "psutil-7.2.2-cp313-cp313t-win_amd64.whl", hash = "sha256:ab486563df44c17f5173621c7b198955bd6b613fb87c71c161f827d3fb149a9b"},
    {file = "psutil-7.2.2-cp313-cp313t-win_arm64.whl", hash = "sha256:ae0aefdd8796a7737eccea863f80f81e468a1e4cf14d926bd9b6f5f2d5f90ca9"},
    {file = "psutil-7.2.2-cp314-cp314t-manylinux2010_x86_64.manylinux_2_12_x86_64.manylinux_2_28_x86_64.whl", hash = "sha256:1fa4ecf83bcdf6e6c8f4449aff98eefb5d0604bf88cb883d7da3d8d2d909546a"},
    {file = "psutil-7.2.2-cp314-cp314t-win_amd64.whl", hash = "sha256:c7663d4e37f13e884d13994247449e9f8f574bc4655d509c3b95e9ec9e2b9dc1"},
    {file = "psutil-7.2.2-cp314-cp314t-win_arm64.whl", hash = "sha256:11fe5a4f613759764e79c65cf11ebdf26e33d6dd34336f8a337aa2996d71c841"},
    {file = "psutil-7.2.2-cp36-abi3-manylinux2010_x86_64.manylinux_2_12_x86_64.manylinux_2_28_x86_64.whl", hash = "sha256:076a2d2f923fd4821644f5ba89f059523da90dc9014e85f8e45a5774ca5bc6f9"},
    {file = "psutil-7.2.2-cp37-abi3-win_amd64.whl", hash = "sha256:eb7e81434c8d223ec4a219b5fc1c47d0417b12be7ea866e24fb5ad6e84b3d988"},
    {file = "psutil-7.2.2-cp37-abi3-win_arm64.whl", hash = "sha256:8c233660f575a5a89e6d4cb65d9f938126312bca76d8fe087b947b3a1aaac9ee"},
    {file = "psutil-7.2.2.tar.gz", hash = "sha256:0746f5f8d406af344fd547f1c8daa5f5c33dbc293bb8d6a16d80b4bb88f59372"},
]

[[package]]
name = "pygments"
version = "2.20.0"
requires_python = ">=3.9"
summary = "Pygments is a syntax highlighting package written in Python."
groups = ["dev"]
files = [
    {file = "pygments-2.20.0-py3-none-any.whl", hash = "sha256:81a9e26dd42fd28a23a2d169d86d7ac03b46e2f8b59ed4698fb4785f946d0176"},
    {file = "pygments-2.20.0.tar.gz", hash = "sha256:6757cd03768053ff99f3039c1a36d6c0aa0b263438fcab17520b30a303a82b5f"},
]

[[package]]
name = "pyinstaller"
version = "6.19.0"
requires_python = "<3.15,>=3.8"
summary = "PyInstaller bundles a Python application and all its dependencies into a single package."
groups = ["dev"]
marker = "sys_platform == \"win32\""
dependencies = [
    "altgraph",
    "importlib-metadata>=4.6; python_version < \"3.10\"",
    "macholib>=1.8; sys_platform == \"darwin\"",
    "packaging>=22.0",
    "pefile>=2022.5.30; sys_platform == \"win32\"",
    "pyinstaller-hooks-contrib>=2026.0",
    "pywin32-ctypes>=0.2.1; sys_platform == \"win32\"",
    "setuptools>=42.0.0",
]
files = [
    {file = "pyinstaller-6.19.0-py3-none-win_amd64.whl", hash = "sha256:b5bb6536c6560330d364d91522250f254b107cf69129d9cbcd0e6727c570be33"},
    {file = "pyinstaller-6.19.0-py3-none-win_arm64.whl", hash = "sha256:c2d5a539b0bfe6159d5522c8c70e1c0e487f22c2badae0f97d45246223b798ea"},
    {file = "pyinstaller-6.19.0.tar.gz", hash = "sha256:ec73aeb8bd9b7f2f1240d328a4542e90b3c6e6fbc106014778431c616592a865"},
]

[[package]]
name = "pyinstaller-hooks-contrib"
version = "2026.6"
requires_python = ">=3.8"
summary = "Community maintained hooks for PyInstaller"
groups = ["dev"]
marker = "sys_platform == \"win32\""
dependencies = [
    "importlib-metadata>=4.6; python_version < \"3.10\"",
    "packaging>=22.0",
]
files = [
    {file = "pyinstaller_hooks_contrib-2026.6-py3-none-any.whl", hash = "sha256:fd13b8ac126b35361175edacd41a0d97080b75dd5f4b594ecefefff969509dd3"},
    {file = "pyinstaller_hooks_contrib-2026.6.tar.gz", hash = "sha256:bef5002c32f4f50bd55b005da12cff64eca8783e7eaf86a06a62410164bab725"},
]

[[package]]
name = "pynput"
version = "1.8.2"
summary = "Monitor and control user input devices"
groups = ["default"]
dependencies = [
    "enum34; python_version == \"2.7\"",
    "evdev>=1.3; \"linux\" in sys_platform",
    "pyobjc-framework-ApplicationServices>=8.0; sys_platform == \"darwin\"",
    "pyobjc-framework-Quartz>=8.0; sys_platform == \"darwin\"",
    "python-xlib>=0.17; \"linux\" in sys_platform",
    "six",
]
files = [
    {file = "pynput-1.8.2-py2.py3-none-any.whl", hash = "sha256:8cc38cf13a6ab2749cb375678be8a0fd705d7ce49c8001ff5db4007a723bbef1"},
    {file = "pynput-1.8.2.tar.gz", hash = "sha256:f493c87157cd3861b4468f7f896857051762f44ed26f1b641e7cc5840a457087"},
]

[[package]]
name = "pyqt6"
version = "6.11.0"
requires_python = ">=3.10"
summary = "Python bindings for the Qt cross platform application toolkit"
groups = ["no-flatpak"]
dependencies = [
    "PyQt6-Qt6<6.12.0,>=6.11.0",
    "PyQt6-sip<14,>=13.8",
]
files = [
    {file = "pyqt6-6.11.0-cp310-abi3-manylinux_2_34_x86_64.whl", hash = "sha256:8555277989fa7d114cb3c3443fd261d566909f7268ceedd41d93a5f02d37ec05"},
    {file = "pyqt6-6.11.0-cp310-abi3-win_amd64.whl", hash = "sha256:bd11b459c54dca068e988a42cf838303334f0d441b9d16d92ae6719fcb5ac6ba"},
    {file = "pyqt6-6.11.0-cp310-abi3-win_arm64.whl", hash = "sha256:b6324e3501b19b4292c7a55b1f22e82d3e80e519e383ce4fe79b4a754c6f0288"},
    {file = "pyqt6-6.11.0.tar.gz", hash = "sha256:45dd60aa69976de1918b5ced6b4e7b6a25abd2a919ecef5fd5826ecc76718889"},
]

[[package]]
name = "pyqt6-qt6"
version = "6.11.1"
summary = "The subset of a Qt installation needed by PyQt6."
groups = ["no-flatpak"]
files = [
    {file = "pyqt6_qt6-6.11.1-py3-none-manylinux_2_34_x86_64.whl", hash = "sha256:254af349e0ef4b2fa581f86ee9d65eb797bb1d4f0c01ae5ceaa7b2446b458be9"},
    {file = "pyqt6_qt6-6.11.1-py3-none-win_amd64.whl", hash = "sha256:7486c80512e823f2d3087e67f854f0556b345f4368040a853c8dc4d30fd3fe69"},
    {file = "pyqt6_qt6-6.11.1-py3-none-win_arm64.whl", hash = "sha256:120efbedf833e5bbbc3d64ebdb139b44ff34e60f34410c7b1c2c26d230380bda"},
]

[[package]]
name = "pyqt6-sip"
version = "13.12.0"
requires_python = ">=3.10"
summary = "The sip module support for PyQt6"
groups = ["no-flatpak"]
files = [
    {file = "pyqt6_sip-13.12.0-cp311-cp311-manylinux1_x86_64.manylinux_2_5_x86_64.whl", hash = "sha256:30798c3fc22682a42ad0097f85c92f8ef4393b69b3fc407eb447be3049d7cbad"},
    {file = "pyqt6_sip-13.12.0-cp311-cp311-win_amd64.whl", hash = "sha256:61faaad2a4c5dc08e8b0abbae34a66f035c921cf085ae53f67a3ddcfec1d0f22"},
    {file = "pyqt6_sip-13.12.0-cp311-cp311-win_arm64.whl", hash = "sha256:80bfce3924414c2d3d293851cf0b12a29f4ad5c8dab5450fa817385f540eb633"},
    {file = "pyqt6_sip-13.12.0-cp312-cp312-manylinux1_x86_64.manylinux_2_5_x86_64.whl", hash = "sha256:3476132fc5c85d7136eb14cb7d9e1909e9f5ee94a85d892e4ac244990ba541b3"},
    {file = "pyqt6_sip-13.12.0-cp312-cp312-win_amd64.whl", hash = "sha256:fc40cda618f13e291e35271f29250b55b9b362755f6e22357d244fcbacd18e6c"},
    {file = "pyqt6_sip-13.12.0-cp312-cp312-win_arm64.whl", hash = "sha256:543b9b210ca4278ee510f938d4b3d696b587b2b223c6cd1ba819c3cef3b67ea5"},
    {file = "pyqt6_sip-13.12.0-cp313-cp313-manylinux1_x86_64.manylinux_2_5_x86_64.whl", hash = "sha256:5b5610a21401dbf97eaa82a2d35e727d3269ef370f299a892ff154f4b6f338ca"},
    {file = "pyqt6_sip-13.12.0-cp313-cp313-win_amd64.whl", hash = "sha256:99a9016b9f6f23e4446703ba2c2271b35a3ff2fd5115e607b9fac675774abea9"},
    {file = "pyqt6_sip-13.12.0-cp313-cp313-win_arm64.whl", hash = "sha256:2431eef7617f7cd26d22789178a57a688ddbca814fd5215fbe577f4bf45569b8"},
    {file = "pyqt6_sip-13.12.0-cp314-cp314-manylinux1_x86_64.manylinux_2_5_x86_64.whl", hash = "sha256:309a69feb94dfc0bec7e224055db376b157ce6d88b94eb4076d2e913b4c62b47"},
    {file = "pyqt6_sip-13.12.0-cp314-cp314-win_amd64.whl", hash = "sha256:9717fc4271e5d71e1cecadbb3340c3990ea9d58923fbf076b70cf8bc0f339639"},
    {file = "pyqt6_sip-13.12.0-cp314-cp314-win_arm64.whl", hash = "sha256:6815e719d1fd4c71c0d3ed85e7e91b615959d949dac7af6e3f11a29a3a565676"},
    {file = "pyqt6_sip-13.12.0.tar.gz", hash = "sha256:a7ad45c1e3cec3a2473d37ea9870b6c3baeccc560298623c8eb59265714c06e2"},
]

[[package]]
name = "pyside6"
version = "6.11.1"
requires_python = "<3.15,>=3.10"
summary = "Python bindings for the Qt cross-platform application and UI framework"
groups = ["dev"]
marker = "sys_platform == \"win32\""
dependencies = [
    "PySide6-Addons==6.11.1",
    "PySide6-Essentials==6.11.1",
    "shiboken6==6.11.1",
    "tomli>=2.0.1; python_version < \"3.11\"",
]
files = [
    {file = "pyside6-6.11.1-cp310-abi3-win_amd64.whl", hash = "sha256:0968877ab1fb4ef3587a284da6fe05e8647ada56a6a3750b6395188e01f4aba6"},
    {file = "pyside6-6.11.1-cp310-abi3-win_arm64.whl", hash = "sha256:acee467cb5f256cc47ebb9d815a054c1d8416da380c191b247a76d164aa3f805"},
]

[[package]]
name = "pyside6-addons"
version = "6.11.1"
requires_python = "<3.15,>=3.10"
summary = "Python bindings for the Qt cross-platform application and UI framework (Addons)"
groups = ["dev"]
marker = "sys_platform == \"win32\""
dependencies = [
    "PySide6-Essentials==6.11.1",
    "shiboken6==6.11.1",
]
files = [
    {file = "pyside6_addons-6.11.1-cp310-abi3-win_amd64.whl", hash = "sha256:0d13c4dfd671b050a48e4f8d8ddc724b7248f9c0437e7fc47fdf316278572923"},
    {file = "pyside6_addons-6.11.1-cp310-abi3-win_arm64.whl", hash = "sha256:3494f480dee92f415be2f2d989c0b3f4755ac332b28045cbf4ba0f5c5a22ba37"},
]

[[package]]
name = "pyside6-essentials"
version = "6.11.1"
requires_python = "<3.15,>=3.10"
summary = "Python bindings for the Qt cross-platform application and UI framework (Essentials)"
groups = ["dev"]
marker = "sys_platform == \"win32\""
dependencies = [
    "shiboken6==6.11.1",
]
files = [
    {file = "pyside6_essentials-6.11.1-cp310-abi3-win_amd64.whl", hash = "sha256:63311bd48e32c584599ab04b9ef7c324082374cd2c9fa533f978fb893bb47e40"},
    {file = "pyside6_essentials-6.11.1-cp310-abi3-win_arm64.whl", hash = "sha256:11253ea52aabecefe9febddbbe78b43a824129e3af1cec98431028fba7fa954f"},
]

[[package]]
name = "pytest"
version = "9.1.1"
requires_python = ">=3.10"
summary = "pytest: simple powerful testing with Python"
groups = ["dev"]
dependencies = [
    "colorama>=0.4; sys_platform == \"win32\"",
    "exceptiongroup>=1; python_version < \"3.11\"",
    "iniconfig>=1.0.1",
    "packaging>=22",
    "pluggy<2,>=1.5",
    "pygments>=2.7.2",
    "tomli>=1; python_version < \"3.11\"",
]
files = [
    {file = "pytest-9.1.1-py3-none-any.whl", hash = "sha256:37a86b45efb9a47a61a36449063e8e18d0cab3161329fc099eb21783169c4f0c"},
    {file = "pytest-9.1.1.tar.gz", hash = "sha256:1088fbde8f2b49d95a549a195707afa7a76a3ce9bcadc26b6d71f0ffda5fe313"},
]

[[package]]
name = "pytest-asyncio"
version = "1.3.0"
requires_python = ">=3.10"
summary = "Pytest support for asyncio"
groups = ["dev"]
dependencies = [
    "backports-asyncio-runner<2,>=1.1; python_version < \"3.11\"",
    "pytest<10,>=8.2",
    "typing-extensions>=4.12; python_version < \"3.13\"",
]
files = [
    {file = "pytest_asyncio-1.3.0-py3-none-any.whl", hash = "sha256:611e26147c7f77640e6d0a92a38ed17c3e9848063698d5c93d5aa7aa11cebff5"},
    {file = "pytest_asyncio-1.3.0.tar.gz", hash = "sha256:d7f52f36d231b80ee124cd216ffb19369aa168fc10095013c6b014a34d3ee9e5"},
]

[[package]]
name = "python-xlib"
version = "0.33"
summary = "Python X Library"
groups = ["default"]
marker = "\"linux\" in sys_platform"
dependencies = [
    "six>=1.10.0",
]
files = [
    {file = "python-xlib-0.33.tar.gz", hash = "sha256:55af7906a2c75ce6cb280a584776080602444f75815a7aff4d287bb2d7018b32"},
    {file = "python_xlib-0.33-py2.py3-none-any.whl", hash = "sha256:c3534038d42e0df2f1392a1b30a15a4ff5fdc2b86cfa94f072bf11b10a164398"},
]

[[package]]
name = "pywin32-ctypes"
version = "0.2.3"
requires_python = ">=3.6"
summary = "A (partial) reimplementation of pywin32 using ctypes/cffi"
groups = ["dev"]
marker = "sys_platform == \"win32\""
files = [
    {file = "pywin32-ctypes-0.2.3.tar.gz", hash = "sha256:d162dc04946d704503b2edc4d55f3dba5c1d539ead017afa00142c38b9885755"},
    {file = "pywin32_ctypes-0.2.3-py3-none-any.whl", hash = "sha256:8a1513379d709975552d202d942d9837758905c8d01eb82b8bcc30918929e7b8"},
]

[[package]]
name = "pyyaml"
version = "6.0.3"
requires_python = ">=3.8"
summary = "YAML parser and emitter for Python"
groups = ["default"]
files = [
    {file = "pyyaml-6.0.3-cp311-cp311-manylinux2014_x86_64.manylinux_2_17_x86_64.manylinux_2_28_x86_64.whl", hash = "sha256:b8bb0864c5a28024fac8a632c443c87c5aa6f215c0b126c449ae1a150412f31d"},
    {file = "pyyaml-6.0.3-cp311-cp311-win_amd64.whl", hash = "sha256:9f3bfb4965eb874431221a3ff3fdcddc7e74e3b07799e0e84ca4a0f867d449bf"},
    {file = "pyyaml-6.0.3-cp312-cp312-manylinux2014_x86_64.manylinux_2_17_x86_64.manylinux_2_28_x86_64.whl", hash = "sha256:ba1cc08a7ccde2d2ec775841541641e4548226580ab850948cbfda66a1befcdc"},
    {file = "pyyaml-6.0.3-cp312-cp312-win_amd64.whl", hash = "sha256:5fcd34e47f6e0b794d17de1b4ff496c00986e1c83f7ab2fb8fcfe9616ff7477b"},
    {file = "pyyaml-6.0.3-cp312-cp312-win_arm64.whl", hash = "sha256:64386e5e707d03a7e172c0701abfb7e10f0fb753ee1d773128192742712a98fd"},
    {file = "pyyaml-6.0.3-cp313-cp313-manylinux2014_x86_64.manylinux_2_17_x86_64.manylinux_2_28_x86_64.whl", hash = "sha256:0f29edc409a6392443abf94b9cf89ce99889a1dd5376d94316ae5145dfedd5d6"},
    {file = "pyyaml-6.0.3-cp313-cp313-win_amd64.whl", hash = "sha256:79005a0d97d5ddabfeeea4cf676af11e647e41d81c9a7722a193022accdb6b7c"},
    {file = "pyyaml-6.0.3-cp313-cp313-win_arm64.whl", hash = "sha256:5498cd1645aa724a7c71c8f378eb29ebe23da2fc0d7a08071d89469bf1d2defb"},
    {file = "pyyaml-6.0.3-cp314-cp314-manylinux2014_x86_64.manylinux_2_17_x86_64.manylinux_2_28_x86_64.whl", hash = "sha256:c458b6d084f9b935061bc36216e8a69a7e293a2f1e68bf956dcd9e6cbcd143f5"},
    {file = "pyyaml-6.0.3-cp314-cp314-win_amd64.whl", hash = "sha256:4a2e8cebe2ff6ab7d1050ecd59c25d4c8bd7e6f400f5f82b96557ac0abafd0ac"},
    {file = "pyyaml-6.0.3-cp314-cp314-win_arm64.whl", hash = "sha256:93dda82c9c22deb0a405ea4dc5f2d0cda384168e466364dec6255b293923b2f3"},
    {file = "pyyaml-6.0.3-cp314-cp314t-manylinux2014_x86_64.manylinux_2_17_x86_64.manylinux_2_28_x86_64.whl", hash = "sha256:00c4bdeba853cc34e7dd471f16b4114f4162dc03e6b7afcc2128711f0eca823c"},
    {file = "pyyaml-6.0.3-cp314-cp314t-win_amd64.whl", hash = "sha256:4ad1906908f2f5ae4e5a8ddfce73c320c2a1429ec52eafd27138b7f1cbe341c9"},
    {file = "pyyaml-6.0.3-cp314-cp314t-win_arm64.whl", hash = "sha256:ebc55a14a21cb14062aa4162f906cd962b28e2e9ea38f9b4391244cd8de4ae0b"},
    {file = "pyyaml-6.0.3.tar.gz", hash = "sha256:d76623373421df22fb4cf8817020cbb7ef15c725b9d5e45f17e189bfc384190f"},
]

[[package]]
name = "qasync"
version = "0.28.0"
requires_python = ">=3.8"
summary = "Python library for using asyncio in Qt-based applications"
groups = ["default", "no-flatpak"]
files = [
    {file = "qasync-0.28.0-py3-none-any.whl", hash = "sha256:21faba8d047c717008378f5ac29ea58c32a8128528629e4afd57c59b768dba0f"},
    {file = "qasync-0.28.0.tar.gz", hash = "sha256:6f7f1f18971f59cb259b107218269ba56e3ad475ec456e54714b426a6e30b71d"},
]

[[package]]
name = "requirements-parser"
version = "0.13.1"
requires_python = "<4.0,>=3.8"
summary = "This is a small Python module for parsing Pip requirement files."
groups = ["dev"]
dependencies = [
    "packaging>=23.2",
]
files = [
    {file = "requirements_parser-0.13.1-py3-none-any.whl", hash = "sha256:6e385663eb32589d16e5b22bb6e5251a57908e73803ffff438b53cd6ea2056e0"},
    {file = "requirements_parser-0.13.1.tar.gz", hash = "sha256:78811383b2089b6c5197a1431bc2c12ff950245edca39a23eea3460782038dd3"},
]

[[package]]
name = "setuptools"
version = "84.0.0"
requires_python = ">=3.10"
summary = "Most extensible Python build backend with support for C/C++ extension modules"
groups = ["dev"]
files = [
    {file = "setuptools-84.0.0-py3-none-any.whl", hash = "sha256:51a52592b3b99e102b609654876bd65f19f999935166d1352678931132b0c670"},
    {file = "setuptools-84.0.0.tar.gz", hash = "sha256:f4695c21257f0d9b537ec2692c941d02ee143b7cc1276941349a546573b2ef73"},
]

[[package]]
name = "shiboken6"
version = "6.11.1"
requires_python = "<3.15,>=3.10"
summary = "Python/C++ bindings helper module"
groups = ["dev"]
marker = "sys_platform == \"win32\""
files = [
    {file = "shiboken6-6.11.1-cp310-abi3-win_amd64.whl", hash = "sha256:c2c6863aa80ec18c0f82cea3417837b279cdc60024ac17123461dc9042577df7"},
    {file = "shiboken6-6.11.1-cp310-abi3-win_arm64.whl", hash = "sha256:7c8d9af17db4495d4fa5b1c393f218311c4855546b9dfa6a0bd21bcd66b55e9d"},
]

[[package]]
name = "six"
version = "1.17.0"
requires_python = "!=3.0.*,!=3.1.*,!=3.2.*,>=2.7"
summary = "Python 2 and 3 compatibility utilities"
groups = ["default"]
files = [
    {file = "six-1.17.0-py2.py3-none-any.whl", hash = "sha256:4721f391ed90541fddacab5acf947aa0d3dc7d27b2e1e8eda2be8970586c3274"},
    {file = "six-1.17.0.tar.gz", hash = "sha256:ff70335d468e7eb6ec65b95b99d3a2836546063f63acc5171de367e834932a81"},
]

[[package]]
name = "typing-extensions"
version = "4.16.0"
requires_python = ">=3.9"
summary = "Backported and Experimental Type Hints for Python 3.9+"
groups = ["default", "dev", "no-flatpak"]
marker = "python_version < \"3.13\""
files = [
    {file = "typing_extensions-4.16.0-py3-none-any.whl", hash = "sha256:481caa481374e813c1b176ada14e97f1f67a4539ce9cfeb3f350d78d6370c2e8"},
    {file = "typing_extensions-4.16.0.tar.gz", hash = "sha256:dc983d19a509c94dba722ee6abd33940f7c05a89e243c47e907eb4db6f1a43e5"},
]

[[package]]
name = "wcwidth"
version = "0.8.2"
requires_python = ">=3.8"
summary = "Measures the displayed width of unicode strings in a terminal"
groups = ["default"]
files = [
    {file = "wcwidth-0.8.2-py3-none-any.whl", hash = "sha256:d63947694a0539a1d51e01eda7caf800c291020e6cdd7e28ad7b14dd33ad4f85"},
    {file = "wcwidth-0.8.2.tar.gz", hash = "sha256:91fbef97204b96a3d4d421609b80340b760cf33e26da123ff243d76b1fda8dda"},
]

[[package]]
name = "winsdk"
version = "1.0.0b10"
requires_python = ">=3.8"
summary = "Python bindings for the Windows SDK"
groups = ["default"]
marker = "sys_platform == \"win32\""
files = [
    {file = "winsdk-1.0.0b10-cp311-cp311-win_amd64.whl", hash = "sha256:f12e25bbf0a658270203615677520b8170edf500fba11e0f80359c5dbf090676"},
    {file = "winsdk-1.0.0b10-cp311-cp311-win_arm64.whl", hash = "sha256:e77bce44a9ff151562bd261b2a1a8255e258bb10696d0d31ef63267a27628af1"},
    {file = "winsdk-1.0.0b10-cp312-cp312-win_amd64.whl", hash = "sha256:8231ce5f16e1fc88bb7dda0adf35633b5b26101eae3b0799083ca2177f03e4e5"},
    {file = "winsdk-1.0.0b10-cp312-cp312-win_arm64.whl", hash = "sha256:f4ab469ada19b34ccfc69a148090f98b40a1da1da797b50b9cbba0c090c365a5"},
    {file = "winsdk-1.0.0b10-cp314-cp314-win_amd64.whl", hash = "sha256:4067a34a7aa0bbb048d3b216ba1e35bf3a929faea59248ad6461ab185393964e"},
    {file = "winsdk-1.0.0b10-cp314-cp314-win_arm64.whl", hash = "sha256:8616221fe73a6b74191f4c665eb1464e944c3208dbbb88d3df5bff9a421cc6cc"},
    {file = "winsdk-1.0.0b10.tar.gz", hash = "sha256:8f39ea759626797449371f857c9085b84bb9f3b6d493dc6525e2cedcb3d15ea2"},
]

[[package]]
name = "yarl"
version = "1.24.5"
requires_python = ">=3.10"
summary = "Yet another URL library"
groups = ["default", "no-flatpak"]
dependencies = [
    "idna>=2.0",
    "multidict>=4.0",
    "propcache>=0.2.1",
]
files = [
    {file = "yarl-1.24.5-cp311-cp311-manylinux2014_x86_64.manylinux_2_17_x86_64.manylinux_2_28_x86_64.whl", hash = "sha256:570fec8fbd22b032733625f03f10b7ff023bc399213db15e72a7acaef28c2f4e"},
    {file = "yarl-1.24.5-cp311-cp311-win_amd64.whl", hash = "sha256:f4239bbec5a3577ddb49e4b50aeb32d8e5792098262ae2f63723f916a29b1a25"},
    {file = "yarl-1.24.5-cp311-cp311-win_arm64.whl", hash = "sha256:3ac6aff147deb9c09461b2d4bbdf6256831198f5d8a23f5d37138213090b6d8a"},
    {file = "yarl-1.24.5-cp312-cp312-manylinux2014_x86_64.manylinux_2_17_x86_64.manylinux_2_28_x86_64.whl", hash = "sha256:f08c7513ecef5aad65687bfdf6bc601ae9fccd04a42904501f8f7141abad9eb9"},
    {file = "yarl-1.24.5-cp312-cp312-win_amd64.whl", hash = "sha256:a929d878fec099030c292803b31e5d5540a7b6a31e6a3cc76cb4685fc2a2f51b"},
    {file = "yarl-1.24.5-cp312-cp312-win_arm64.whl", hash = "sha256:7ce27823052e2013b597e0c738b13e7e36b8ccb9400df8959417b052ab0fd92c"},
    {file = "yarl-1.24.5-cp313-cp313-manylinux2014_x86_64.manylinux_2_17_x86_64.manylinux_2_28_x86_64.whl", hash = "sha256:d46b86567dd4e248c6c159fcbcdcce01e0a5c8a7cd2334a0fff759d0fa075b16"},
    {file = "yarl-1.24.5-cp313-cp313-win_amd64.whl", hash = "sha256:2dbe06fc16bc91502bca713704022182e5729861ae00277c3a23354b40929740"},
    {file = "yarl-1.24.5-cp313-cp313-win_arm64.whl", hash = "sha256:6b8536851f9f65e7f00c7a1d49ba7f2be0ffe2c11555367fc9f50d9f842410a1"},
    {file = "yarl-1.24.5-cp314-cp314-manylinux2014_x86_64.manylinux_2_17_x86_64.manylinux_2_28_x86_64.whl", hash = "sha256:66410eb6345d467151934b49bfa70fb32f5b35a6140baa40ad97d6436abea2e9"},
    {file = "yarl-1.24.5-cp314-cp314-win_amd64.whl", hash = "sha256:5ba4f78df2bcc19f764a4b26a8a4f5049c110090ad5825993aacb052bf8003ad"},
    {file = "yarl-1.24.5-cp314-cp314-win_arm64.whl", hash = "sha256:9e4e16c73d717c5cf27626c524d0a2e261ad20e46932b2670f64ad5dde23e26f"},
    {file = "yarl-1.24.5-cp314-cp314t-manylinux2014_x86_64.manylinux_2_17_x86_64.manylinux_2_28_x86_64.whl", hash = "sha256:cbb833ccacdb5519eff9b8b71ee618cc2801c878e77e288775d77c3a2ced858a"},
    {file = "yarl-1.24.5-cp314-cp314t-win_amd64.whl", hash = "sha256:5c88e5815a49d289e599f3513aa7fde0bc2092ff188f99c940f007f90f53d104"},
    {file = "yarl-1.24.5-cp314-cp314t-win_arm64.whl", hash = "sha256:cf139c02f5f23ef6532040a30ff662c00a318c952334f211046b8e60b7f17688"},
    {file = "yarl-1.24.5-py3-none-any.whl", hash = "sha256:a33700d13d9b7d84fd10947b09ff69fb9a792e519c8cb9764a3ca70baa6c23a7"},
    {file = "yarl-1.24.5.tar.gz", hash = "sha256:e81b83143bee16329c23db3c1b2d82b29892fcbcb849186d2f6e98a5abe9a57f"},
]
